// !$*UTF8*$!
{
	archiveVersion = 1;
	classes = {
	};
	objectVersion = 50;
	objects = {

/* Begin PBXBuildFile section */
		3D82DEBF353DFDE3C9E2FC90 /* Pods_Doctor_booking.framework in Frameworks */ = {isa = PBXBuildFile; fileRef = 899D9A2830EEA6B17D0660C1 /* Pods_Doctor_booking.framework */; };
		7EA90836216A474B00AB06D1 /* SignUp.swift in Sources */ = {isa = PBXBuildFile; fileRef = 7EA90835216A474B00AB06D1 /* SignUp.swift */; };
		7EA90838216A599200AB06D1 /* customizeNavigationControlerViewController.swift in Sources */ = {isa = PBXBuildFile; fileRef = 7EA90837216A599200AB06D1 /* customizeNavigationControlerViewController.swift */; };
		7EA9083A216A5E7200AB06D1 /* GoogleService-Info.plist in Resources */ = {isa = PBXBuildFile; fileRef = 7EA90839216A5E7200AB06D1 /* GoogleService-Info.plist */; };
		7EA9083E216A9C9C00AB06D1 /* SearchViewController.swift in Sources */ = {isa = PBXBuildFile; fileRef = 7EA9083D216A9C9C00AB06D1 /* SearchViewController.swift */; };
		7EAA8A642169F75C006BD691 /* AppDelegate.swift in Sources */ = {isa = PBXBuildFile; fileRef = 7EAA8A632169F75C006BD691 /* AppDelegate.swift */; };
		7EAA8A662169F75C006BD691 /* WelcomViewController.swift in Sources */ = {isa = PBXBuildFile; fileRef = 7EAA8A652169F75C006BD691 /* WelcomViewController.swift */; };
		7EAA8A692169F75C006BD691 /* Main.storyboard in Resources */ = {isa = PBXBuildFile; fileRef = 7EAA8A672169F75C006BD691 /* Main.storyboard */; };
		7EAA8A6B2169F75C006BD691 /* Assets.xcassets in Resources */ = {isa = PBXBuildFile; fileRef = 7EAA8A6A2169F75C006BD691 /* Assets.xcassets */; };
		7EAA8A6E2169F75C006BD691 /* LaunchScreen.storyboard in Resources */ = {isa = PBXBuildFile; fileRef = 7EAA8A6C2169F75C006BD691 /* LaunchScreen.storyboard */; };
		7EAA8A792169FF08006BD691 /* GradiantView.swift in Sources */ = {isa = PBXBuildFile; fileRef = 7EAA8A782169FF08006BD691 /* GradiantView.swift */; };
		7EAA8A7B216A09A4006BD691 /* RoundButtonCorners.swift in Sources */ = {isa = PBXBuildFile; fileRef = 7EAA8A7A216A09A4006BD691 /* RoundButtonCorners.swift */; };
		7EAA8A7D216A21C6006BD691 /* LogIn.swift in Sources */ = {isa = PBXBuildFile; fileRef = 7EAA8A7C216A21C6006BD691 /* LogIn.swift */; };
/* End PBXBuildFile section */

/* Begin PBXFileReference section */
		7933151C8BF8C22A9DA9560F /* Pods-Doctor booking.release.xcconfig */ = {isa = PBXFileReference; includeInIndex = 1; lastKnownFileType = text.xcconfig; name = "Pods-Doctor booking.release.xcconfig"; path = "Pods/Target Support Files/Pods-Doctor booking/Pods-Doctor booking.release.xcconfig"; sourceTree = "<group>"; };
		7EA90835216A474B00AB06D1 /* SignUp.swift */ = {isa = PBXFileReference; lastKnownFileType = sourcecode.swift; path = SignUp.swift; sourceTree = "<group>"; };
		7EA90837216A599200AB06D1 /* customizeNavigationControlerViewController.swift */ = {isa = PBXFileReference; lastKnownFileType = sourcecode.swift; path = customizeNavigationControlerViewController.swift; sourceTree = "<group>"; };
		7EA90839216A5E7200AB06D1 /* GoogleService-Info.plist */ = {isa = PBXFileReference; fileEncoding = 4; lastKnownFileType = text.plist.xml; path = "GoogleService-Info.plist"; sourceTree = "<group>"; };
		7EA9083D216A9C9C00AB06D1 /* SearchViewController.swift */ = {isa = PBXFileReference; lastKnownFileType = sourcecode.swift; path = SearchViewController.swift; sourceTree = "<group>"; };
		7EAA8A602169F75C006BD691 /* Doctor booking.app */ = {isa = PBXFileReference; explicitFileType = wrapper.application; includeInIndex = 0; path = "Doctor booking.app"; sourceTree = BUILT_PRODUCTS_DIR; };
		7EAA8A632169F75C006BD691 /* AppDelegate.swift */ = {isa = PBXFileReference; lastKnownFileType = sourcecode.swift; path = AppDelegate.swift; sourceTree = "<group>"; };
		7EAA8A652169F75C006BD691 /* WelcomViewController.swift */ = {isa = PBXFileReference; lastKnownFileType = sourcecode.swift; path = WelcomViewController.swift; sourceTree = "<group>"; };
		7EAA8A682169F75C006BD691 /* Base */ = {isa = PBXFileReference; lastKnownFileType = file.storyboard; name = Base; path = Base.lproj/Main.storyboard; sourceTree = "<group>"; };
		7EAA8A6A2169F75C006BD691 /* Assets.xcassets */ = {isa = PBXFileReference; lastKnownFileType = folder.assetcatalog; path = Assets.xcassets; sourceTree = "<group>"; };
		7EAA8A6D2169F75C006BD691 /* Base */ = {isa = PBXFileReference; lastKnownFileType = file.storyboard; name = Base; path = Base.lproj/LaunchScreen.storyboard; sourceTree = "<group>"; };
		7EAA8A6F2169F75C006BD691 /* Info.plist */ = {isa = PBXFileReference; lastKnownFileType = text.plist.xml; path = Info.plist; sourceTree = "<group>"; };
		7EAA8A782169FF08006BD691 /* GradiantView.swift */ = {isa = PBXFileReference; lastKnownFileType = sourcecode.swift; path = GradiantView.swift; sourceTree = "<group>"; };
		7EAA8A7A216A09A4006BD691 /* RoundButtonCorners.swift */ = {isa = PBXFileReference; lastKnownFileType = sourcecode.swift; path = RoundButtonCorners.swift; sourceTree = "<group>"; };
		7EAA8A7C216A21C6006BD691 /* LogIn.swift */ = {isa = PBXFileReference; lastKnownFileType = sourcecode.swift; path = LogIn.swift; sourceTree = "<group>"; };
		899D9A2830EEA6B17D0660C1 /* Pods_Doctor_booking.framework */ = {isa = PBXFileReference; explicitFileType = wrapper.framework; includeInIndex = 0; path = Pods_Doctor_booking.framework; sourceTree = BUILT_PRODUCTS_DIR; };
		B16F7F171188765A1FCBC0EA /* Pods-Doctor booking.debug.xcconfig */ = {isa = PBXFileReference; includeInIndex = 1; lastKnownFileType = text.xcconfig; name = "Pods-Doctor booking.debug.xcconfig"; path = "Pods/Target Support Files/Pods-Doctor booking/Pods-Doctor booking.debug.xcconfig"; sourceTree = "<group>"; };
/* End PBXFileReference section */

/* Begin PBXFrameworksBuildPhase section */
		7EAA8A5D2169F75C006BD691 /* Frameworks */ = {
			isa = PBXFrameworksBuildPhase;
			buildActionMask = 2147483647;
			files = (
				3D82DEBF353DFDE3C9E2FC90 /* Pods_Doctor_booking.framework in Frameworks */,
			);
			runOnlyForDeploymentPostprocessing = 0;
		};
/* End PBXFrameworksBuildPhase section */

/* Begin PBXGroup section */
		42DF7E200D4B913B24610AF3 /* Frameworks */ = {
			isa = PBXGroup;
			children = (
				899D9A2830EEA6B17D0660C1 /* Pods_Doctor_booking.framework */,
			);
			name = Frameworks;
			sourceTree = "<group>";
		};
		7EAA8A572169F75C006BD691 = {
			isa = PBXGroup;
			children = (
				7EAA8A622169F75C006BD691 /* Doctor booking */,
				7EAA8A612169F75C006BD691 /* Products */,
				A1E7FC24A988BF9A1978F316 /* Pods */,
				42DF7E200D4B913B24610AF3 /* Frameworks */,
			);
			sourceTree = "<group>";
		};
		7EAA8A612169F75C006BD691 /* Products */ = {
			isa = PBXGroup;
			children = (
				7EAA8A602169F75C006BD691 /* Doctor booking.app */,
			);
			name = Products;
			sourceTree = "<group>";
		};
		7EAA8A622169F75C006BD691 /* Doctor booking */ = {
			isa = PBXGroup;
			children = (
				7EAA8A752169F766006BD691 /* Model */,
				7EAA8A772169F786006BD691 /* Controler */,
				7EAA8A762169F779006BD691 /* View */,
				7EAA8A6A2169F75C006BD691 /* Assets.xcassets */,
				7EAA8A6C2169F75C006BD691 /* LaunchScreen.storyboard */,
				7EA90839216A5E7200AB06D1 /* GoogleService-Info.plist */,
				7EAA8A6F2169F75C006BD691 /* Info.plist */,
			);
			path = "Doctor booking";
			sourceTree = "<group>";
		};
		7EAA8A752169F766006BD691 /* Model */ = {
			isa = PBXGroup;
			children = (
			);
			path = Model;
			sourceTree = "<group>";
		};
		7EAA8A762169F779006BD691 /* View */ = {
			isa = PBXGroup;
			children = (
				7EAA8A672169F75C006BD691 /* Main.storyboard */,
			);
			path = View;
			sourceTree = "<group>";
		};
		7EAA8A772169F786006BD691 /* Controler */ = {
			isa = PBXGroup;
			children = (
				7EAA8A632169F75C006BD691 /* AppDelegate.swift */,
				7EAA8A652169F75C006BD691 /* WelcomViewController.swift */,
				7EAA8A782169FF08006BD691 /* GradiantView.swift */,
				7EAA8A7A216A09A4006BD691 /* RoundButtonCorners.swift */,
				7EAA8A7C216A21C6006BD691 /* LogIn.swift */,
				7EA90835216A474B00AB06D1 /* SignUp.swift */,
				7EA90837216A599200AB06D1 /* customizeNavigationControlerViewController.swift */,
				7EA9083D216A9C9C00AB06D1 /* SearchViewController.swift */,
			);
			path = Controler;
			sourceTree = "<group>";
		};
		A1E7FC24A988BF9A1978F316 /* Pods */ = {
			isa = PBXGroup;
			children = (
				B16F7F171188765A1FCBC0EA /* Pods-Doctor booking.debug.xcconfig */,
				7933151C8BF8C22A9DA9560F /* Pods-Doctor booking.release.xcconfig */,
			);
			name = Pods;
			sourceTree = "<group>";
		};
/* End PBXGroup section */

/* Begin PBXNativeTarget section */
		7EAA8A5F2169F75C006BD691 /* Doctor booking */ = {
			isa = PBXNativeTarget;
			buildConfigurationList = 7EAA8A722169F75C006BD691 /* Build configuration list for PBXNativeTarget "Doctor booking" */;
			buildPhases = (
				F55278543F156E454D6CAB31 /* [CP] Check Pods Manifest.lock */,
				7EAA8A5C2169F75C006BD691 /* Sources */,
				7EAA8A5D2169F75C006BD691 /* Frameworks */,
				7EAA8A5E2169F75C006BD691 /* Resources */,
				395BE33E0BD26FDD632A591E /* [CP] Embed Pods Frameworks */,
			);
			buildRules = (
			);
			dependencies = (
			);
			name = "Doctor booking";
			productName = "Doctor booking";
			productReference = 7EAA8A602169F75C006BD691 /* Doctor booking.app */;
			productType = "com.apple.product-type.application";
		};
/* End PBXNativeTarget section */

/* Begin PBXProject section */
		7EAA8A582169F75C006BD691 /* Project object */ = {
			isa = PBXProject;
			attributes = {
				LastSwiftUpdateCheck = 1000;
				LastUpgradeCheck = 1000;
				ORGANIZATIONNAME = FaresElsokary;
				TargetAttributes = {
					7EAA8A5F2169F75C006BD691 = {
						CreatedOnToolsVersion = 10.0;
					};
				};
			};
			buildConfigurationList = 7EAA8A5B2169F75C006BD691 /* Build configuration list for PBXProject "Doctor booking" */;
			compatibilityVersion = "Xcode 9.3";
			developmentRegion = en;
			hasScannedForEncodings = 0;
			knownRegions = (
				en,
				Base,
			);
			mainGroup = 7EAA8A572169F75C006BD691;
			productRefGroup = 7EAA8A612169F75C006BD691 /* Products */;
			projectDirPath = "";
			projectRoot = "";
			targets = (
				7EAA8A5F2169F75C006BD691 /* Doctor booking */,
			);
		};
/* End PBXProject section */

/* Begin PBXResourcesBuildPhase section */
		7EAA8A5E2169F75C006BD691 /* Resources */ = {
			isa = PBXResourcesBuildPhase;
			buildActionMask = 2147483647;
			files = (
				7EAA8A6E2169F75C006BD691 /* LaunchScreen.storyboard in Resources */,
				7EA9083A216A5E7200AB06D1 /* GoogleService-Info.plist in Resources */,
				7EAA8A6B2169F75C006BD691 /* Assets.xcassets in Resources */,
				7EAA8A692169F75C006BD691 /* Main.storyboard in Resources */,
			);
			runOnlyForDeploymentPostprocessing = 0;
		};
/* End PBXResourcesBuildPhase section */

/* Begin PBXShellScriptBuildPhase section */
		395BE33E0BD26FDD632A591E /* [CP] Embed Pods Frameworks */ = {
			isa = PBXShellScriptBuildPhase;
			buildActionMask = 2147483647;
			files = (
			);
			inputFileListPaths = (
			);
			inputPaths = (
				"${SRCROOT}/Pods/Target Support Files/Pods-Doctor booking/Pods-Doctor booking-frameworks.sh",
				"${BUILT_PRODUCTS_DIR}/GTMSessionFetcher/GTMSessionFetcher.framework",
				"${BUILT_PRODUCTS_DIR}/GoogleUtilities/GoogleUtilities.framework",
				"${BUILT_PRODUCTS_DIR}/leveldb-library/leveldb.framework",
				"${BUILT_PRODUCTS_DIR}/nanopb/nanopb.framework",
			);
			name = "[CP] Embed Pods Frameworks";
			outputFileListPaths = (
			);
			outputPaths = (
				"${TARGET_BUILD_DIR}/${FRAMEWORKS_FOLDER_PATH}/GTMSessionFetcher.framework",
				"${TARGET_BUILD_DIR}/${FRAMEWORKS_FOLDER_PATH}/GoogleUtilities.framework",
				"${TARGET_BUILD_DIR}/${FRAMEWORKS_FOLDER_PATH}/leveldb.framework",
				"${TARGET_BUILD_DIR}/${FRAMEWORKS_FOLDER_PATH}/nanopb.framework",
			);
			runOnlyForDeploymentPostprocessing = 0;
			shellPath = /bin/sh;
			shellScript = "\"${SRCROOT}/Pods/Target Support Files/Pods-Doctor booking/Pods-Doctor booking-frameworks.sh\"\n";
			showEnvVarsInLog = 0;
		};
		F55278543F156E454D6CAB31 /* [CP] Check Pods Manifest.lock */ = {
			isa = PBXShellScriptBuildPhase;
			buildActionMask = 2147483647;
			files = (
			);
			inputFileListPaths = (
			);
			inputPaths = (
				"${PODS_PODFILE_DIR_PATH}/Podfile.lock",
				"${PODS_ROOT}/Manifest.lock",
			);
			name = "[CP] Check Pods Manifest.lock";
			outputFileListPaths = (
			);
			outputPaths = (
				"$(DERIVED_FILE_DIR)/Pods-Doctor booking-checkManifestLockResult.txt",
			);
			runOnlyForDeploymentPostprocessing = 0;
			shellPath = /bin/sh;
			shellScript = "diff \"${PODS_PODFILE_DIR_PATH}/Podfile.lock\" \"${PODS_ROOT}/Manifest.lock\" > /dev/null\nif [ $? != 0 ] ; then\n    # print error to STDERR\n    echo \"error: The sandbox is not in sync with the Podfile.lock. Run 'pod install' or update your CocoaPods installation.\" >&2\n    exit 1\nfi\n# This output is used by Xcode 'outputs' to avoid re-running this script phase.\necho \"SUCCESS\" > \"${SCRIPT_OUTPUT_FILE_0}\"\n";
			showEnvVarsInLog = 0;
		};
/* End PBXShellScriptBuildPhase section */

/* Begin PBXSourcesBuildPhase section */
		7EAA8A5C2169F75C006BD691 /* Sources */ = {
			isa = PBXSourcesBuildPhase;
			buildActionMask = 2147483647;
			files = (
				7EAA8A7D216A21C6006BD691 /* LogIn.swift in Sources */,
				7EA90836216A474B00AB06D1 /* SignUp.swift in Sources */,
				7EA9083E216A9C9C00AB06D1 /* SearchViewController.swift in Sources */,
				7EAA8A662169F75C006BD691 /* WelcomViewController.swift in Sources */,
				7EAA8A792169FF08006BD691 /* GradiantView.swift in Sources */,
				7EA90838216A599200AB06D1 /* customizeNavigationControlerViewController.swift in Sources */,
				7EAA8A642169F75C006BD691 /* AppDelegate.swift in Sources */,
				7EAA8A7B216A09A4006BD691 /* RoundButtonCorners.swift in Sources */,
			);
			runOnlyForDeploymentPostprocessing = 0;
		};
/* End PBXSourcesBuildPhase section */

/* Begin PBXVariantGroup section */
		7EAA8A672169F75C006BD691 /* Main.storyboard */ = {
			isa = PBXVariantGroup;
			children = (
				7EAA8A682169F75C006BD691 /* Base */,
			);
			name = Main.storyboard;
			sourceTree = "<group>";
		};
		7EAA8A6C2169F75C006BD691 /* LaunchScreen.storyboard */ = {
			isa = PBXVariantGroup;
			children = (
				7EAA8A6D2169F75C006BD691 /* Base */,
			);
			name = LaunchScreen.storyboard;
			sourceTree = "<group>";
		};
/* End PBXVariantGroup section */

/* Begin XCBuildConfiguration section */
		7EAA8A702169F75C006BD691 /* Debug */ = {
			isa = XCBuildConfiguration;
			buildSettings = {
				ALWAYS_SEARCH_USER_PATHS = NO;
				CLANG_ANALYZER_NONNULL = YES;
				CLANG_ANALYZER_NUMBER_OBJECT_CONVERSION = YES_AGGRESSIVE;
				CLANG_CXX_LANGUAGE_STANDARD = "gnu++14";
				CLANG_CXX_LIBRARY = "libc++";
				CLANG_ENABLE_MODULES = YES;
				CLANG_ENABLE_OBJC_ARC = YES;
				CLANG_ENABLE_OBJC_WEAK = YES;
				CLANG_WARN_BLOCK_CAPTURE_AUTORELEASING = YES;
				CLANG_WARN_BOOL_CONVERSION = YES;
				CLANG_WARN_COMMA = YES;
				CLANG_WARN_CONSTANT_CONVERSION = YES;
				CLANG_WARN_DEPRECATED_OBJC_IMPLEMENTATIONS = YES;
				CLANG_WARN_DIRECT_OBJC_ISA_USAGE = YES_ERROR;
				CLANG_WARN_DOCUMENTATION_COMMENTS = YES;
				CLANG_WARN_EMPTY_BODY = YES;
				CLANG_WARN_ENUM_CONVERSION = YES;
				CLANG_WARN_INFINITE_RECURSION = YES;
				CLANG_WARN_INT_CONVERSION = YES;
				CLANG_WARN_NON_LITERAL_NULL_CONVERSION = YES;
				CLANG_WARN_OBJC_IMPLICIT_RETAIN_SELF = YES;
				CLANG_WARN_OBJC_LITERAL_CONVERSION = YES;
				CLANG_WARN_OBJC_ROOT_CLASS = YES_ERROR;
				CLANG_WARN_RANGE_LOOP_ANALYSIS = YES;
				CLANG_WARN_STRICT_PROTOTYPES = YES;
				CLANG_WARN_SUSPICIOUS_MOVE = YES;
				CLANG_WARN_UNGUARDED_AVAILABILITY = YES_AGGRESSIVE;
				CLANG_WARN_UNREACHABLE_CODE = YES;
				CLANG_WARN__DUPLICATE_METHOD_MATCH = YES;
				CODE_SIGN_IDENTITY = "iPhone Developer";
				COPY_PHASE_STRIP = NO;
				DEBUG_INFORMATION_FORMAT = dwarf;
				ENABLE_STRICT_OBJC_MSGSEND = YES;
				ENABLE_TESTABILITY = YES;
				GCC_C_LANGUAGE_STANDARD = gnu11;
				GCC_DYNAMIC_NO_PIC = NO;
				GCC_NO_COMMON_BLOCKS = YES;
				GCC_OPTIMIZATION_LEVEL = 0;
				GCC_PREPROCESSOR_DEFINITIONS = (
					"DEBUG=1",
					"$(inherited)",
				);
				GCC_WARN_64_TO_32_BIT_CONVERSION = YES;
				GCC_WARN_ABOUT_RETURN_TYPE = YES_ERROR;
				GCC_WARN_UNDECLARED_SELECTOR = YES;
				GCC_WARN_UNINITIALIZED_AUTOS = YES_AGGRESSIVE;
				GCC_WARN_UNUSED_FUNCTION = YES;
				GCC_WARN_UNUSED_VARIABLE = YES;
				IPHONEOS_DEPLOYMENT_TARGET = 12.0;
				MTL_ENABLE_DEBUG_INFO = INCLUDE_SOURCE;
				MTL_FAST_MATH = YES;
				ONLY_ACTIVE_ARCH = YES;
				SDKROOT = iphoneos;
				SWIFT_ACTIVE_COMPILATION_CONDITIONS = DEBUG;
				SWIFT_OPTIMIZATION_LEVEL = "-Onone";
			};
			name = Debug;
		};
		7EAA8A712169F75C006BD691 /* Release */ = {
			isa = XCBuildConfiguration;
			buildSettings = {
				ALWAYS_SEARCH_USER_PATHS = NO;
				CLANG_ANALYZER_NONNULL = YES;
				CLANG_ANALYZER_NUMBER_OBJECT_CONVERSION = YES_AGGRESSIVE;
				CLANG_CXX_LANGUAGE_STANDARD = "gnu++14";
				CLANG_CXX_LIBRARY = "libc++";
				CLANG_ENABLE_MODULES = YES;
				CLANG_ENABLE_OBJC_ARC = YES;
				CLANG_ENABLE_OBJC_WEAK = YES;
				CLANG_WARN_BLOCK_CAPTURE_AUTORELEASING = YES;
				CLANG_WARN_BOOL_CONVERSION = YES;
				CLANG_WARN_COMMA = YES;
				CLANG_WARN_CONSTANT_CONVERSION = YES;
				CLANG_WARN_DEPRECATED_OBJC_IMPLEMENTATIONS = YES;
				CLANG_WARN_DIRECT_OBJC_ISA_USAGE = YES_ERROR;
				CLANG_WARN_DOCUMENTATION_COMMENTS = YES;
				CLANG_WARN_EMPTY_BODY = YES;
				CLANG_WARN_ENUM_CONVERSION = YES;
				CLANG_WARN_INFINITE_RECURSION = YES;
				CLANG_WARN_INT_CONVERSION = YES;
				CLANG_WARN_NON_LITERAL_NULL_CONVERSION = YES;
				CLANG_WARN_OBJC_IMPLICIT_RETAIN_SELF = YES;
				CLANG_WARN_OBJC_LITERAL_CONVERSION = YES;
				CLANG_WARN_OBJC_ROOT_CLASS = YES_ERROR;
				CLANG_WARN_RANGE_LOOP_ANALYSIS = YES;
				CLANG_WARN_STRICT_PROTOTYPES = YES;
				CLANG_WARN_SUSPICIOUS_MOVE = YES;
				CLANG_WARN_UNGUARDED_AVAILABILITY = YES_AGGRESSIVE;
				CLANG_WARN_UNREACHABLE_CODE = YES;
				CLANG_WARN__DUPLICATE_METHOD_MATCH = YES;
				CODE_SIGN_IDENTITY = "iPhone Developer";
				COPY_PHASE_STRIP = NO;
				DEBUG_INFORMATION_FORMAT = "dwarf-with-dsym";
				ENABLE_NS_ASSERTIONS = NO;
				ENABLE_STRICT_OBJC_MSGSEND = YES;
				GCC_C_LANGUAGE_STANDARD = gnu11;
				GCC_NO_COMMON_BLOCKS = YES;
				GCC_WARN_64_TO_32_BIT_CONVERSION = YES;
				GCC_WARN_ABOUT_RETURN_TYPE = YES_ERROR;
				GCC_WARN_UNDECLARED_SELECTOR = YES;
				GCC_WARN_UNINITIALIZED_AUTOS = YES_AGGRESSIVE;
				GCC_WARN_UNUSED_FUNCTION = YES;
				GCC_WARN_UNUSED_VARIABLE = YES;
				IPHONEOS_DEPLOYMENT_TARGET = 12.0;
				MTL_ENABLE_DEBUG_INFO = NO;
				MTL_FAST_MATH = YES;
				SDKROOT = iphoneos;
				SWIFT_COMPILATION_MODE = wholemodule;
				SWIFT_OPTIMIZATION_LEVEL = "-O";
				VALIDATE_PRODUCT = YES;
			};
			name = Release;
		};
		7EAA8A732169F75C006BD691 /* Debug */ = {
			isa = XCBuildConfiguration;
			baseConfigurationReference = B16F7F171188765A1FCBC0EA /* Pods-Doctor booking.debug.xcconfig */;
			buildSettings = {
				ASSETCATALOG_COMPILER_APPICON_NAME = AppIcon;
				CODE_SIGN_STYLE = Automatic;
				DEVELOPMENT_TEAM = SQPBX26AMP;
				INFOPLIST_FILE = "Doctor booking/Info.plist";
				LD_RUNPATH_SEARCH_PATHS = (
					"$(inherited)",
					"@executable_path/Frameworks",
				);
				PRODUCT_BUNDLE_IDENTIFIER = "com.FaresElsokary.Doctor-booking.Doctor-booking";
				PRODUCT_NAME = "$(TARGET_NAME)";
				SWIFT_VERSION = 4.2;
				TARGETED_DEVICE_FAMILY = "1,2";
			};
			name = Debug;
		};
		7EAA8A742169F75C006BD691 /* Release */ = {
			isa = XCBuildConfiguration;
			baseConfigurationReference = 7933151C8BF8C22A9DA9560F /* Pods-Doctor booking.release.xcconfig */;
			buildSettings = {
				ASSETCATALOG_COMPILER_APPICON_NAME = AppIcon;
				CODE_SIGN_STYLE = Automatic;
				DEVELOPMENT_TEAM = SQPBX26AMP;
				INFOPLIST_FILE = "Doctor booking/Info.plist";
				LD_RUNPATH_SEARCH_PATHS = (
					"$(inherited)",
					"@executable_path/Frameworks",
				);
				PRODUCT_BUNDLE_IDENTIFIER = "com.FaresElsokary.Doctor-booking.Doctor-booking";
				PRODUCT_NAME = "$(TARGET_NAME)";
				SWIFT_VERSION = 4.2;
				TARGETED_DEVICE_FAMILY = "1,2";
			};
			name = Release;
		};
/* End XCBuildConfiguration section */

/* Begin XCConfigurationList section */
		7EAA8A5B2169F75C006BD691 /* Build configuration list for PBXProject "Doctor booking" */ = {
			isa = XCConfigurationList;
			buildConfigurations = (
				7EAA8A702169F75C006BD691 /* Debug */,
				7EAA8A712169F75C006BD691 /* Release */,
			);
			defaultConfigurationIsVisible = 0;
			defaultConfigurationName = Release;
		};
		7EAA8A722169F75C006BD691 /* Build configuration list for PBXNativeTarget "Doctor booking" */ = {
			isa = XCConfigurationList;
			buildConfigurations = (
				7EAA8A732169F75C006BD691 /* Debug */,
				7EAA8A742169F75C006BD691 /* Release */,
			);
			defaultConfigurationIsVisible = 0;
			defaultConfigurationName = Release;
		};
/* End XCConfigurationList section */
	};
	rootObject = 7EAA8A582169F75C006BD691 /* Project object */;
}
